
Microsoft Visual Studio Solution File, Format Version 12.00
# Visual Studio Version 16
VisualStudioVersion = 16.0.31005.135
MinimumVisualStudioVersion = 10.0.40219.1
Project("{9A19103F-16F7-4668-BE54-9A1E7A4F7556}") = "MySQLVSPostgresWithReact", "MySQLVSPostgresWithReact\MySQLVSPostgresWithReact.csproj", "{2E346C41-4C21-4414-AF76-5D9D064A3B19}"
EndProject
Project("{FAE04EC0-301F-11D3-BF4B-00C04F79EFBC}") = "Benchmarking", "Benchmarking\Benchmarking.csproj", "{5ABF96BD-C626-412C-A478-075D2AAEE72C}"
EndProject
Global
	GlobalSection(SolutionConfigurationPlatforms) = preSolution
		Debug|Any CPU = Debug|Any CPU
		Release|Any CPU = Release|Any CPU
	EndGlobalSection
	GlobalSection(ProjectConfigurationPlatforms) = postSolution
		{2E346C41-4C21-4414-AF76-5D9D064A3B19}.Debug|Any CPU.ActiveCfg = Debug|Any CPU
		{2E346C41-4C21-4414-AF76-5D9D064A3B19}.Debug|Any CPU.Build.0 = Debug|Any CPU
		{2E346C41-4C21-4414-AF76-5D9D064A3B19}.Release|Any CPU.ActiveCfg = Release|Any CPU
		{2E346C41-4C21-4414-AF76-5D9D064A3B19}.Release|Any CPU.Build.0 = Release|Any CPU
		{5ABF96BD-C626-412C-A478-075D2AAEE72C}.Debug|Any CPU.ActiveCfg = Debug|Any CPU
		{5ABF96BD-C626-412C-A478-075D2AAEE72C}.Debug|Any CPU.Build.0 = Debug|Any CPU
		{5ABF96BD-C626-412C-A478-075D2AAEE72C}.Release|Any CPU.ActiveCfg = Release|Any CPU
		{5ABF96BD-C626-412C-A478-075D2AAEE72C}.Release|Any CPU.Build.0 = Release|Any CPU
	EndGlobalSection
	GlobalSection(SolutionProperties) = preSolution
		HideSolutionNode = FALSE
	EndGlobalSection
	GlobalSection(ExtensibilityGlobals) = postSolution
		SolutionGuid = {A3B625B8-9D9D-4AE9-B344-06B7A52C8FD7}
	EndGlobalSection
EndGlobal
